
Microsoft Visual Studio Solution File, Format Version 12.00
# Visual Studio Version 16
VisualStudioVersion = 16.6.30114.105
MinimumVisualStudioVersion = 10.0.40219.1
Project("{9A19103F-16F7-4668-BE54-9A1E7A4F7556}") = "R5T.T0103.X0001", "R5T.T0103.X0001\R5T.T0103.X0001.csproj", "{336605B4-371C-431A-9E35-464D7DA59C5F}"
EndProject
Project("{2150E333-8FDC-42A3-9474-1A3956D46DE8}") = "_Dependencies", "_Dependencies", "{7FC8EDC2-1A9B-45DF-A2CD-28907D92C657}"
EndProject
Project("{9A19103F-16F7-4668-BE54-9A1E7A4F7556}") = "R5T.T0103", "..\..\R5T.T0103\source\R5T.T0103\R5T.T0103.csproj", "{F5F4E177-9EE0-47E1-8F04-2829BA601057}"
EndProject
Project("{9A19103F-16F7-4668-BE54-9A1E7A4F7556}") = "R5T.T0104", "..\..\R5T.T0104\source\R5T.T0104\R5T.T0104.csproj", "{629A94FD-C806-42DB-B02A-6057740D6A1A}"
EndProject
Project("{9A19103F-16F7-4668-BE54-9A1E7A4F7556}") = "R5T.D0082.Base", "..\..\R5T.D0082\source\R5T.D0082.Base\R5T.D0082.Base.csproj", "{FD4B0BB0-745F-4C11-AAE7-33031EC9519E}"
EndProject
Project("{9A19103F-16F7-4668-BE54-9A1E7A4F7556}") = "R5T.D0037.Base", "..\..\R5T.D0037\source\R5T.D0037.Base\R5T.D0037.Base.csproj", "{8F5771B9-000D-4EAA-8112-975EBEE62FD7}"
EndProject
Project("{9A19103F-16F7-4668-BE54-9A1E7A4F7556}") = "R5T.T0106", "..\..\R5T.T0106\source\R5T.T0106\R5T.T0106.csproj", "{162F1411-4DEA-4C50-BC91-927D5AD1BC4A}"
EndProject
Project("{9A19103F-16F7-4668-BE54-9A1E7A4F7556}") = "R5T.T0010", "..\..\R5T.T0010\source\R5T.T0010\R5T.T0010.csproj", "{7179D2AD-48AF-4F72-8852-77F6A6961CB8}"
EndProject
Project("{9A19103F-16F7-4668-BE54-9A1E7A4F7556}") = "R5T.T0107.X0001", "..\..\R5T.T0107.X0001\source\R5T.T0107.X0001\R5T.T0107.X0001.csproj", "{765457E7-D2CE-4BF8-A61E-DEE7788C91E5}"
EndProject
Project("{9A19103F-16F7-4668-BE54-9A1E7A4F7556}") = "R5T.T0044.X001", "..\..\R5T.T0044\source\R5T.T0044.X001\R5T.T0044.X001.csproj", "{BD24FF5E-901D-4F33-A557-186A1FFBCCFB}"
EndProject
Project("{9A19103F-16F7-4668-BE54-9A1E7A4F7556}") = "R5T.T0041.X002", "..\..\R5T.T0041\source\R5T.T0041.X002\R5T.T0041.X002.csproj", "{D6AE9F19-593D-433F-9569-730C37BEB55D}"
EndProject
Project("{9A19103F-16F7-4668-BE54-9A1E7A4F7556}") = "R5T.T0021.X002", "..\..\R5T.T0021\source\R5T.T0021.X002\R5T.T0021.X002.csproj", "{2395EBCA-0FE5-4AA4-BFEC-D42969DF8787}"
EndProject
Project("{9A19103F-16F7-4668-BE54-9A1E7A4F7556}") = "R5T.D0082.T001", "..\..\R5T.D0082\source\R5T.D0082.T001\R5T.D0082.T001.csproj", "{4454CAB5-2B99-416F-8E8F-EC7676ED7B76}"
EndProject
Project("{9A19103F-16F7-4668-BE54-9A1E7A4F7556}") = "R5T.T0108.X001", "..\..\R5T.T0108\source\R5T.T0108.X001\R5T.T0108.X001.csproj", "{661E41F3-C0C4-45CF-B79E-D97D25416763}"
EndProject
Global
	GlobalSection(SolutionConfigurationPlatforms) = preSolution
		Debug|Any CPU = Debug|Any CPU
		Debug|x64 = Debug|x64
		Debug|x86 = Debug|x86
		Release|Any CPU = Release|Any CPU
		Release|x64 = Release|x64
		Release|x86 = Release|x86
	EndGlobalSection
	GlobalSection(ProjectConfigurationPlatforms) = postSolution
		{336605B4-371C-431A-9E35-464D7DA59C5F}.Debug|Any CPU.ActiveCfg = Debug|Any CPU
		{336605B4-371C-431A-9E35-464D7DA59C5F}.Debug|Any CPU.Build.0 = Debug|Any CPU
		{336605B4-371C-431A-9E35-464D7DA59C5F}.Debug|x64.ActiveCfg = Debug|Any CPU
		{336605B4-371C-431A-9E35-464D7DA59C5F}.Debug|x64.Build.0 = Debug|Any CPU
		{336605B4-371C-431A-9E35-464D7DA59C5F}.Debug|x86.ActiveCfg = Debug|Any CPU
		{336605B4-371C-431A-9E35-464D7DA59C5F}.Debug|x86.Build.0 = Debug|Any CPU
		{336605B4-371C-431A-9E35-464D7DA59C5F}.Release|Any CPU.ActiveCfg = Release|Any CPU
		{336605B4-371C-431A-9E35-464D7DA59C5F}.Release|Any CPU.Build.0 = Release|Any CPU
		{336605B4-371C-431A-9E35-464D7DA59C5F}.Release|x64.ActiveCfg = Release|Any CPU
		{336605B4-371C-431A-9E35-464D7DA59C5F}.Release|x64.Build.0 = Release|Any CPU
		{336605B4-371C-431A-9E35-464D7DA59C5F}.Release|x86.ActiveCfg = Release|Any CPU
		{336605B4-371C-431A-9E35-464D7DA59C5F}.Release|x86.Build.0 = Release|Any CPU
		{F5F4E177-9EE0-47E1-8F04-2829BA601057}.Debug|Any CPU.ActiveCfg = Debug|Any CPU
		{F5F4E177-9EE0-47E1-8F04-2829BA601057}.Debug|Any CPU.Build.0 = Debug|Any CPU
		{F5F4E177-9EE0-47E1-8F04-2829BA601057}.Debug|x64.ActiveCfg = Debug|Any CPU
		{F5F4E177-9EE0-47E1-8F04-2829BA601057}.Debug|x64.Build.0 = Debug|Any CPU
		{F5F4E177-9EE0-47E1-8F04-2829BA601057}.Debug|x86.ActiveCfg = Debug|Any CPU
		{F5F4E177-9EE0-47E1-8F04-2829BA601057}.Debug|x86.Build.0 = Debug|Any CPU
		{F5F4E177-9EE0-47E1-8F04-2829BA601057}.Release|Any CPU.ActiveCfg = Release|Any CPU
		{F5F4E177-9EE0-47E1-8F04-2829BA601057}.Release|Any CPU.Build.0 = Release|Any CPU
		{F5F4E177-9EE0-47E1-8F04-2829BA601057}.Release|x64.ActiveCfg = Release|Any CPU
		{F5F4E177-9EE0-47E1-8F04-2829BA601057}.Release|x64.Build.0 = Release|Any CPU
		{F5F4E177-9EE0-47E1-8F04-2829BA601057}.Release|x86.ActiveCfg = Release|Any CPU
		{F5F4E177-9EE0-47E1-8F04-2829BA601057}.Release|x86.Build.0 = Release|Any CPU
		{629A94FD-C806-42DB-B02A-6057740D6A1A}.Debug|Any CPU.ActiveCfg = Debug|Any CPU
		{629A94FD-C806-42DB-B02A-6057740D6A1A}.Debug|Any CPU.Build.0 = Debug|Any CPU
		{629A94FD-C806-42DB-B02A-6057740D6A1A}.Debug|x64.ActiveCfg = Debug|Any CPU
		{629A94FD-C806-42DB-B02A-6057740D6A1A}.Debug|x64.Build.0 = Debug|Any CPU
		{629A94FD-C806-42DB-B02A-6057740D6A1A}.Debug|x86.ActiveCfg = Debug|Any CPU
		{629A94FD-C806-42DB-B02A-6057740D6A1A}.Debug|x86.Build.0 = Debug|Any CPU
		{629A94FD-C806-42DB-B02A-6057740D6A1A}.Release|Any CPU.ActiveCfg = Release|Any CPU
		{629A94FD-C806-42DB-B02A-6057740D6A1A}.Release|Any CPU.Build.0 = Release|Any CPU
		{629A94FD-C806-42DB-B02A-6057740D6A1A}.Release|x64.ActiveCfg = Release|Any CPU
		{629A94FD-C806-42DB-B02A-6057740D6A1A}.Release|x64.Build.0 = Release|Any CPU
		{629A94FD-C806-42DB-B02A-6057740D6A1A}.Release|x86.ActiveCfg = Release|Any CPU
		{629A94FD-C806-42DB-B02A-6057740D6A1A}.Release|x86.Build.0 = Release|Any CPU
		{FD4B0BB0-745F-4C11-AAE7-33031EC9519E}.Debug|Any CPU.ActiveCfg = Debug|Any CPU
		{FD4B0BB0-745F-4C11-AAE7-33031EC9519E}.Debug|Any CPU.Build.0 = Debug|Any CPU
		{FD4B0BB0-745F-4C11-AAE7-33031EC9519E}.Debug|x64.ActiveCfg = Debug|Any CPU
		{FD4B0BB0-745F-4C11-AAE7-33031EC9519E}.Debug|x64.Build.0 = Debug|Any CPU
		{FD4B0BB0-745F-4C11-AAE7-33031EC9519E}.Debug|x86.ActiveCfg = Debug|Any CPU
		{FD4B0BB0-745F-4C11-AAE7-33031EC9519E}.Debug|x86.Build.0 = Debug|Any CPU
		{FD4B0BB0-745F-4C11-AAE7-33031EC9519E}.Release|Any CPU.ActiveCfg = Release|Any CPU
		{FD4B0BB0-745F-4C11-AAE7-33031EC9519E}.Release|Any CPU.Build.0 = Release|Any CPU
		{FD4B0BB0-745F-4C11-AAE7-33031EC9519E}.Release|x64.ActiveCfg = Release|Any CPU
		{FD4B0BB0-745F-4C11-AAE7-33031EC9519E}.Release|x64.Build.0 = Release|Any CPU
		{FD4B0BB0-745F-4C11-AAE7-33031EC9519E}.Release|x86.ActiveCfg = Release|Any CPU
		{FD4B0BB0-745F-4C11-AAE7-33031EC9519E}.Release|x86.Build.0 = Release|Any CPU
		{8F5771B9-000D-4EAA-8112-975EBEE62FD7}.Debug|Any CPU.ActiveCfg = Debug|Any CPU
		{8F5771B9-000D-4EAA-8112-975EBEE62FD7}.Debug|Any CPU.Build.0 = Debug|Any CPU
		{8F5771B9-000D-4EAA-8112-975EBEE62FD7}.Debug|x64.ActiveCfg = Debug|Any CPU
		{8F5771B9-000D-4EAA-8112-975EBEE62FD7}.Debug|x64.Build.0 = Debug|Any CPU
		{8F5771B9-000D-4EAA-8112-975EBEE62FD7}.Debug|x86.ActiveCfg = Debug|Any CPU
		{8F5771B9-000D-4EAA-8112-975EBEE62FD7}.Debug|x86.Build.0 = Debug|Any CPU
		{8F5771B9-000D-4EAA-8112-975EBEE62FD7}.Release|Any CPU.ActiveCfg = Release|Any CPU
		{8F5771B9-000D-4EAA-8112-975EBEE62FD7}.Release|Any CPU.Build.0 = Release|Any CPU
		{8F5771B9-000D-4EAA-8112-975EBEE62FD7}.Release|x64.ActiveCfg = Release|Any CPU
		{8F5771B9-000D-4EAA-8112-975EBEE62FD7}.Release|x64.Build.0 = Release|Any CPU
		{8F5771B9-000D-4EAA-8112-975EBEE62FD7}.Release|x86.ActiveCfg = Release|Any CPU
		{8F5771B9-000D-4EAA-8112-975EBEE62FD7}.Release|x86.Build.0 = Release|Any CPU
		{162F1411-4DEA-4C50-BC91-927D5AD1BC4A}.Debug|Any CPU.ActiveCfg = Debug|Any CPU
		{162F1411-4DEA-4C50-BC91-927D5AD1BC4A}.Debug|Any CPU.Build.0 = Debug|Any CPU
		{162F1411-4DEA-4C50-BC91-927D5AD1BC4A}.Debug|x64.ActiveCfg = Debug|Any CPU
		{162F1411-4DEA-4C50-BC91-927D5AD1BC4A}.Debug|x64.Build.0 = Debug|Any CPU
		{162F1411-4DEA-4C50-BC91-927D5AD1BC4A}.Debug|x86.ActiveCfg = Debug|Any CPU
		{162F1411-4DEA-4C50-BC91-927D5AD1BC4A}.Debug|x86.Build.0 = Debug|Any CPU
		{162F1411-4DEA-4C50-BC91-927D5AD1BC4A}.Release|Any CPU.ActiveCfg = Release|Any CPU
		{162F1411-4DEA-4C50-BC91-927D5AD1BC4A}.Release|Any CPU.Build.0 = Release|Any CPU
		{162F1411-4DEA-4C50-BC91-927D5AD1BC4A}.Release|x64.ActiveCfg = Release|Any CPU
		{162F1411-4DEA-4C50-BC91-927D5AD1BC4A}.Release|x64.Build.0 = Release|Any CPU
		{162F1411-4DEA-4C50-BC91-927D5AD1BC4A}.Release|x86.ActiveCfg = Release|Any CPU
		{162F1411-4DEA-4C50-BC91-927D5AD1BC4A}.Release|x86.Build.0 = Release|Any CPU
		{7179D2AD-48AF-4F72-8852-77F6A6961CB8}.Debug|Any CPU.ActiveCfg = Debug|Any CPU
		{7179D2AD-48AF-4F72-8852-77F6A6961CB8}.Debug|Any CPU.Build.0 = Debug|Any CPU
		{7179D2AD-48AF-4F72-8852-77F6A6961CB8}.Debug|x64.ActiveCfg = Debug|Any CPU
		{7179D2AD-48AF-4F72-8852-77F6A6961CB8}.Debug|x64.Build.0 = Debug|Any CPU
		{7179D2AD-48AF-4F72-8852-77F6A6961CB8}.Debug|x86.ActiveCfg = Debug|Any CPU
		{7179D2AD-48AF-4F72-8852-77F6A6961CB8}.Debug|x86.Build.0 = Debug|Any CPU
		{7179D2AD-48AF-4F72-8852-77F6A6961CB8}.Release|Any CPU.ActiveCfg = Release|Any CPU
		{7179D2AD-48AF-4F72-8852-77F6A6961CB8}.Release|Any CPU.Build.0 = Release|Any CPU
		{7179D2AD-48AF-4F72-8852-77F6A6961CB8}.Release|x64.ActiveCfg = Release|Any CPU
		{7179D2AD-48AF-4F72-8852-77F6A6961CB8}.Release|x64.Build.0 = Release|Any CPU
		{7179D2AD-48AF-4F72-8852-77F6A6961CB8}.Release|x86.ActiveCfg = Release|Any CPU
		{7179D2AD-48AF-4F72-8852-77F6A6961CB8}.Release|x86.Build.0 = Release|Any CPU
		{765457E7-D2CE-4BF8-A61E-DEE7788C91E5}.Debug|Any CPU.ActiveCfg = Debug|Any CPU
		{765457E7-D2CE-4BF8-A61E-DEE7788C91E5}.Debug|Any CPU.Build.0 = Debug|Any CPU
		{765457E7-D2CE-4BF8-A61E-DEE7788C91E5}.Debug|x64.ActiveCfg = Debug|Any CPU
		{765457E7-D2CE-4BF8-A61E-DEE7788C91E5}.Debug|x64.Build.0 = Debug|Any CPU
		{765457E7-D2CE-4BF8-A61E-DEE7788C91E5}.Debug|x86.ActiveCfg = Debug|Any CPU
		{765457E7-D2CE-4BF8-A61E-DEE7788C91E5}.Debug|x86.Build.0 = Debug|Any CPU
		{765457E7-D2CE-4BF8-A61E-DEE7788C91E5}.Release|Any CPU.ActiveCfg = Release|Any CPU
		{765457E7-D2CE-4BF8-A61E-DEE7788C91E5}.Release|Any CPU.Build.0 = Release|Any CPU
		{765457E7-D2CE-4BF8-A61E-DEE7788C91E5}.Release|x64.ActiveCfg = Release|Any CPU
		{765457E7-D2CE-4BF8-A61E-DEE7788C91E5}.Release|x64.Build.0 = Release|Any CPU
		{765457E7-D2CE-4BF8-A61E-DEE7788C91E5}.Release|x86.ActiveCfg = Release|Any CPU
		{765457E7-D2CE-4BF8-A61E-DEE7788C91E5}.Release|x86.Build.0 = Release|Any CPU
		{BD24FF5E-901D-4F33-A557-186A1FFBCCFB}.Debug|Any CPU.ActiveCfg = Debug|Any CPU
		{BD24FF5E-901D-4F33-A557-186A1FFBCCFB}.Debug|Any CPU.Build.0 = Debug|Any CPU
		{BD24FF5E-901D-4F33-A557-186A1FFBCCFB}.Debug|x64.ActiveCfg = Debug|Any CPU
		{BD24FF5E-901D-4F33-A557-186A1FFBCCFB}.Debug|x64.Build.0 = Debug|Any CPU
		{BD24FF5E-901D-4F33-A557-186A1FFBCCFB}.Debug|x86.ActiveCfg = Debug|Any CPU
		{BD24FF5E-901D-4F33-A557-186A1FFBCCFB}.Debug|x86.Build.0 = Debug|Any CPU
		{BD24FF5E-901D-4F33-A557-186A1FFBCCFB}.Release|Any CPU.ActiveCfg = Release|Any CPU
		{BD24FF5E-901D-4F33-A557-186A1FFBCCFB}.Release|Any CPU.Build.0 = Release|Any CPU
		{BD24FF5E-901D-4F33-A557-186A1FFBCCFB}.Release|x64.ActiveCfg = Release|Any CPU
		{BD24FF5E-901D-4F33-A557-186A1FFBCCFB}.Release|x64.Build.0 = Release|Any CPU
		{BD24FF5E-901D-4F33-A557-186A1FFBCCFB}.Release|x86.ActiveCfg = Release|Any CPU
		{BD24FF5E-901D-4F33-A557-186A1FFBCCFB}.Release|x86.Build.0 = Release|Any CPU
		{D6AE9F19-593D-433F-9569-730C37BEB55D}.Debug|Any CPU.ActiveCfg = Debug|Any CPU
		{D6AE9F19-593D-433F-9569-730C37BEB55D}.Debug|Any CPU.Build.0 = Debug|Any CPU
		{D6AE9F19-593D-433F-9569-730C37BEB55D}.Debug|x64.ActiveCfg = Debug|Any CPU
		{D6AE9F19-593D-433F-9569-730C37BEB55D}.Debug|x64.Build.0 = Debug|Any CPU
		{D6AE9F19-593D-433F-9569-730C37BEB55D}.Debug|x86.ActiveCfg = Debug|Any CPU
		{D6AE9F19-593D-433F-9569-730C37BEB55D}.Debug|x86.Build.0 = Debug|Any CPU
		{D6AE9F19-593D-433F-9569-730C37BEB55D}.Release|Any CPU.ActiveCfg = Release|Any CPU
		{D6AE9F19-593D-433F-9569-730C37BEB55D}.Release|Any CPU.Build.0 = Release|Any CPU
		{D6AE9F19-593D-433F-9569-730C37BEB55D}.Release|x64.ActiveCfg = Release|Any CPU
		{D6AE9F19-593D-433F-9569-730C37BEB55D}.Release|x64.Build.0 = Release|Any CPU
		{D6AE9F19-593D-433F-9569-730C37BEB55D}.Release|x86.ActiveCfg = Release|Any CPU
		{D6AE9F19-593D-433F-9569-730C37BEB55D}.Release|x86.Build.0 = Release|Any CPU
		{2395EBCA-0FE5-4AA4-BFEC-D42969DF8787}.Debug|Any CPU.ActiveCfg = Debug|Any CPU
		{2395EBCA-0FE5-4AA4-BFEC-D42969DF8787}.Debug|Any CPU.Build.0 = Debug|Any CPU
		{2395EBCA-0FE5-4AA4-BFEC-D42969DF8787}.Debug|x64.ActiveCfg = Debug|Any CPU
		{2395EBCA-0FE5-4AA4-BFEC-D42969DF8787}.Debug|x64.Build.0 = Debug|Any CPU
		{2395EBCA-0FE5-4AA4-BFEC-D42969DF8787}.Debug|x86.ActiveCfg = Debug|Any CPU
		{2395EBCA-0FE5-4AA4-BFEC-D42969DF8787}.Debug|x86.Build.0 = Debug|Any CPU
		{2395EBCA-0FE5-4AA4-BFEC-D42969DF8787}.Release|Any CPU.ActiveCfg = Release|Any CPU
		{2395EBCA-0FE5-4AA4-BFEC-D42969DF8787}.Release|Any CPU.Build.0 = Release|Any CPU
		{2395EBCA-0FE5-4AA4-BFEC-D42969DF8787}.Release|x64.ActiveCfg = Release|Any CPU
		{2395EBCA-0FE5-4AA4-BFEC-D42969DF8787}.Release|x64.Build.0 = Release|Any CPU
		{2395EBCA-0FE5-4AA4-BFEC-D42969DF8787}.Release|x86.ActiveCfg = Release|Any CPU
		{2395EBCA-0FE5-4AA4-BFEC-D42969DF8787}.Release|x86.Build.0 = Release|Any CPU
		{4454CAB5-2B99-416F-8E8F-EC7676ED7B76}.Debug|Any CPU.ActiveCfg = Debug|Any CPU
		{4454CAB5-2B99-416F-8E8F-EC7676ED7B76}.Debug|Any CPU.Build.0 = Debug|Any CPU
		{4454CAB5-2B99-416F-8E8F-EC7676ED7B76}.Debug|x64.ActiveCfg = Debug|Any CPU
		{4454CAB5-2B99-416F-8E8F-EC7676ED7B76}.Debug|x64.Build.0 = Debug|Any CPU
		{4454CAB5-2B99-416F-8E8F-EC7676ED7B76}.Debug|x86.ActiveCfg = Debug|Any CPU
		{4454CAB5-2B99-416F-8E8F-EC7676ED7B76}.Debug|x86.Build.0 = Debug|Any CPU
		{4454CAB5-2B99-416F-8E8F-EC7676ED7B76}.Release|Any CPU.ActiveCfg = Release|Any CPU
		{4454CAB5-2B99-416F-8E8F-EC7676ED7B76}.Release|Any CPU.Build.0 = Release|Any CPU
		{4454CAB5-2B99-416F-8E8F-EC7676ED7B76}.Release|x64.ActiveCfg = Release|Any CPU
		{4454CAB5-2B99-416F-8E8F-EC7676ED7B76}.Release|x64.Build.0 = Release|Any CPU
		{4454CAB5-2B99-416F-8E8F-EC7676ED7B76}.Release|x86.ActiveCfg = Release|Any CPU
		{4454CAB5-2B99-416F-8E8F-EC7676ED7B76}.Release|x86.Build.0 = Release|Any CPU
		{661E41F3-C0C4-45CF-B79E-D97D25416763}.Debug|Any CPU.ActiveCfg = Debug|Any CPU
		{661E41F3-C0C4-45CF-B79E-D97D25416763}.Debug|Any CPU.Build.0 = Debug|Any CPU
		{661E41F3-C0C4-45CF-B79E-D97D25416763}.Debug|x64.ActiveCfg = Debug|Any CPU
		{661E41F3-C0C4-45CF-B79E-D97D25416763}.Debug|x64.Build.0 = Debug|Any CPU
		{661E41F3-C0C4-45CF-B79E-D97D25416763}.Debug|x86.ActiveCfg = Debug|Any CPU
		{661E41F3-C0C4-45CF-B79E-D97D25416763}.Debug|x86.Build.0 = Debug|Any CPU
		{661E41F3-C0C4-45CF-B79E-D97D25416763}.Release|Any CPU.ActiveCfg = Release|Any CPU
		{661E41F3-C0C4-45CF-B79E-D97D25416763}.Release|Any CPU.Build.0 = Release|Any CPU
		{661E41F3-C0C4-45CF-B79E-D97D25416763}.Release|x64.ActiveCfg = Release|Any CPU
		{661E41F3-C0C4-45CF-B79E-D97D25416763}.Release|x64.Build.0 = Release|Any CPU
		{661E41F3-C0C4-45CF-B79E-D97D25416763}.Release|x86.ActiveCfg = Release|Any CPU
		{661E41F3-C0C4-45CF-B79E-D97D25416763}.Release|x86.Build.0 = Release|Any CPU
	EndGlobalSection
	GlobalSection(SolutionProperties) = preSolution
		HideSolutionNode = FALSE
	EndGlobalSection
	GlobalSection(NestedProjects) = preSolution
		{F5F4E177-9EE0-47E1-8F04-2829BA601057} = {7FC8EDC2-1A9B-45DF-A2CD-28907D92C657}
		{629A94FD-C806-42DB-B02A-6057740D6A1A} = {7FC8EDC2-1A9B-45DF-A2CD-28907D92C657}
		{FD4B0BB0-745F-4C11-AAE7-33031EC9519E} = {7FC8EDC2-1A9B-45DF-A2CD-28907D92C657}
		{8F5771B9-000D-4EAA-8112-975EBEE62FD7} = {7FC8EDC2-1A9B-45DF-A2CD-28907D92C657}
		{162F1411-4DEA-4C50-BC91-927D5AD1BC4A} = {7FC8EDC2-1A9B-45DF-A2CD-28907D92C657}
		{7179D2AD-48AF-4F72-8852-77F6A6961CB8} = {7FC8EDC2-1A9B-45DF-A2CD-28907D92C657}
		{765457E7-D2CE-4BF8-A61E-DEE7788C91E5} = {7FC8EDC2-1A9B-45DF-A2CD-28907D92C657}
		{BD24FF5E-901D-4F33-A557-186A1FFBCCFB} = {7FC8EDC2-1A9B-45DF-A2CD-28907D92C657}
		{D6AE9F19-593D-433F-9569-730C37BEB55D} = {7FC8EDC2-1A9B-45DF-A2CD-28907D92C657}
		{2395EBCA-0FE5-4AA4-BFEC-D42969DF8787} = {7FC8EDC2-1A9B-45DF-A2CD-28907D92C657}
		{4454CAB5-2B99-416F-8E8F-EC7676ED7B76} = {7FC8EDC2-1A9B-45DF-A2CD-28907D92C657}
		{661E41F3-C0C4-45CF-B79E-D97D25416763} = {7FC8EDC2-1A9B-45DF-A2CD-28907D92C657}
	EndGlobalSection
	GlobalSection(ExtensibilityGlobals) = postSolution
		SolutionGuid = {464F22AE-E989-4C0B-9FAE-FFACE8E4A24A}
	EndGlobalSection
EndGlobal
