
Microsoft Visual Studio Solution File, Format Version 12.00
# Visual Studio Version 16
VisualStudioVersion = 16.6.30114.105
MinimumVisualStudioVersion = 10.0.40219.1
Project("{FAE04EC0-301F-11D3-BF4B-00C04F79EFBC}") = "R5T.T0103.X0001", "R5T.T0103.X0001\R5T.T0103.X0001.csproj", "{64A9EFD3-4210-41C7-81D7-83442379C805}"
EndProject
Project("{2150E333-8FDC-42A3-9474-1A3956D46DE8}") = "_Dependencies", "_Dependencies", "{5EE9143B-B4EA-4EFF-8507-7FDE0492EBC8}"
EndProject
Project("{FAE04EC0-301F-11D3-BF4B-00C04F79EFBC}") = "R5T.Magyar", "..\..\R5T.Magyar\source\R5T.Magyar\R5T.Magyar.csproj", "{CBBF6D91-469C-441D-9024-ED545461A86F}"
EndProject
Global
	GlobalSection(SolutionConfigurationPlatforms) = preSolution
		Debug|Any CPU = Debug|Any CPU
		Debug|x64 = Debug|x64
		Debug|x86 = Debug|x86
		Release|Any CPU = Release|Any CPU
		Release|x64 = Release|x64
		Release|x86 = Release|x86
	EndGlobalSection
	GlobalSection(SolutionProperties) = preSolution
		HideSolutionNode = FALSE
	EndGlobalSection
	GlobalSection(ProjectConfigurationPlatforms) = postSolution
		{64A9EFD3-4210-41C7-81D7-83442379C805}.Debug|Any CPU.ActiveCfg = Debug|Any CPU
		{64A9EFD3-4210-41C7-81D7-83442379C805}.Debug|Any CPU.Build.0 = Debug|Any CPU
		{64A9EFD3-4210-41C7-81D7-83442379C805}.Debug|x64.ActiveCfg = Debug|Any CPU
		{64A9EFD3-4210-41C7-81D7-83442379C805}.Debug|x64.Build.0 = Debug|Any CPU
		{64A9EFD3-4210-41C7-81D7-83442379C805}.Debug|x86.ActiveCfg = Debug|Any CPU
		{64A9EFD3-4210-41C7-81D7-83442379C805}.Debug|x86.Build.0 = Debug|Any CPU
		{64A9EFD3-4210-41C7-81D7-83442379C805}.Release|Any CPU.ActiveCfg = Release|Any CPU
		{64A9EFD3-4210-41C7-81D7-83442379C805}.Release|Any CPU.Build.0 = Release|Any CPU
		{64A9EFD3-4210-41C7-81D7-83442379C805}.Release|x64.ActiveCfg = Release|Any CPU
		{64A9EFD3-4210-41C7-81D7-83442379C805}.Release|x64.Build.0 = Release|Any CPU
		{64A9EFD3-4210-41C7-81D7-83442379C805}.Release|x86.ActiveCfg = Release|Any CPU
		{64A9EFD3-4210-41C7-81D7-83442379C805}.Release|x86.Build.0 = Release|Any CPU
		{CBBF6D91-469C-441D-9024-ED545461A86F}.Debug|Any CPU.ActiveCfg = Debug|Any CPU
		{CBBF6D91-469C-441D-9024-ED545461A86F}.Debug|Any CPU.Build.0 = Debug|Any CPU
		{CBBF6D91-469C-441D-9024-ED545461A86F}.Debug|x64.ActiveCfg = Debug|Any CPU
		{CBBF6D91-469C-441D-9024-ED545461A86F}.Debug|x64.Build.0 = Debug|Any CPU
		{CBBF6D91-469C-441D-9024-ED545461A86F}.Debug|x86.ActiveCfg = Debug|Any CPU
		{CBBF6D91-469C-441D-9024-ED545461A86F}.Debug|x86.Build.0 = Debug|Any CPU
		{CBBF6D91-469C-441D-9024-ED545461A86F}.Release|Any CPU.ActiveCfg = Release|Any CPU
		{CBBF6D91-469C-441D-9024-ED545461A86F}.Release|Any CPU.Build.0 = Release|Any CPU
		{CBBF6D91-469C-441D-9024-ED545461A86F}.Release|x64.ActiveCfg = Release|Any CPU
		{CBBF6D91-469C-441D-9024-ED545461A86F}.Release|x64.Build.0 = Release|Any CPU
		{CBBF6D91-469C-441D-9024-ED545461A86F}.Release|x86.ActiveCfg = Release|Any CPU
		{CBBF6D91-469C-441D-9024-ED545461A86F}.Release|x86.Build.0 = Release|Any CPU
	EndGlobalSection
	GlobalSection(NestedProjects) = preSolution
		{CBBF6D91-469C-441D-9024-ED545461A86F} = {5EE9143B-B4EA-4EFF-8507-7FDE0492EBC8}
	EndGlobalSection
EndGlobal
